# This file is autogenerated, do not edit; changes may be undone by the next 'dep ensure'.


[[projects]]
  digest = "1:f72cb64e41191cfd2298306e1966b494ed0a66cd3b709025a4e662727016fe7e"
  name = "github.com/aws/aws-lambda-go"
  packages = [
    "lambda",
    "lambda/handlertrace",
    "lambda/messages",
    "lambdacontext",
  ]
  pruneopts = "UT"
  revision = "ec56cb71d7d3e87e21d2151131d4360c25a304d8"
  version = "v1.13.0"

[[projects]]
  branch = "master"
  digest = "1:97a47f6b7c9bc870df03bbaa5b6e9c81e6a9afb27f625b825bc6f48143585e88"
  name = "golang.org/x/crypto"
  packages = [
    "argon2",
    "blake2b",
  ]
  pruneopts = "UT"
  revision = "9756ffdc24725223350eb3266ffb92590d28f278"

[[projects]]
  branch = "master"
  digest = "1:9289797869517c73400e7b5a93beefbfc86e06f56e3ab03f38fb0d575e685277"
  name = "golang.org/x/sys"
  packages = ["cpu"]
  pruneopts = "UT"
  revision = "08d80c9d36de4cf3f0843a021c300dd67a5e47dc"

[solve-meta]
  analyzer-name = "dep"
  analyzer-version = 1
  input-imports = [
    "github.com/aws/aws-lambda-go/lambda",
    "golang.org/x/crypto/argon2",
  ]
  solver-name = "gps-cdcl"
  solver-version = 1
